{
  "name": "valley-module-tpl",
  "version": "1.0.0",
  "lockfileVersion": 1,
  "requires": true,
  "dependencies": {
    "valley-module": {
      "version": "1.0.11",
      "resolved": "https://registry.npmjs.org/valley-module/-/valley-module-1.0.11.tgz",
      "integrity": "sha512-RIZZKBl/XFWHE1ublv2yYNlAZQQYugVsEtNa3sIa7ryqRhFt9Ezjs16uS990aqfEG3p7W4KfNweRaZIcm3YJWg=="
    },
    "valley-tpl": {
      "version": "1.1.4",
      "resolved": "https://registry.npmjs.org/valley-tpl/-/valley-tpl-1.1.4.tgz",
      "integrity": "sha512-yfb1KGntb8VFsNv4rM5ElxQJHJU09TjyU0rmchSXBsCgsk018QGSt270czsliDPJv/38IR1Il6rN1PrFh724zg=="
    }
  }
}
